
Microsoft Visual Studio Solution File, Format Version 12.00
# Visual Studio Version 16
VisualStudioVersion = 16.0.33927.289
MinimumVisualStudioVersion = 10.0.40219.1
Project("{FAE04EC0-301F-11D3-BF4B-00C04F79EFBC}") = "TimeTable", "TimeTable.csproj", "{8CC0214A-648B-4342-985A-6346357C3224}"
EndProject
Global
	GlobalSection(SolutionConfigurationPlatforms) = preSolution
		Debug|Any CPU = Debug|Any CPU
		Release|Any CPU = Release|Any CPU
	EndGlobalSection
	GlobalSection(ProjectConfigurationPlatforms) = postSolution
		{8CC0214A-648B-4342-985A-6346357C3224}.Debug|Any CPU.ActiveCfg = Debug|Any CPU
		{8CC0214A-648B-4342-985A-6346357C3224}.Debug|Any CPU.Build.0 = Debug|Any CPU
		{8CC0214A-648B-4342-985A-6346357C3224}.Release|Any CPU.ActiveCfg = Release|Any CPU
		{8CC0214A-648B-4342-985A-6346357C3224}.Release|Any CPU.Build.0 = Release|Any CPU
	EndGlobalSection
	GlobalSection(SolutionProperties) = preSolution
		HideSolutionNode = FALSE
	EndGlobalSection
	GlobalSection(ExtensibilityGlobals) = postSolution
		SolutionGuid = {DA3D8F02-9597-4857-A1D0-CF8C4C188E01}
	EndGlobalSection
EndGlobal
